<?xml version="1.0" encoding="utf-8"?>
<Project ToolsVersion="4.0" xmlns="http://schemas.microsoft.com/developer/msbuild/2003">
  <ItemGroup>
    <Filter Include="headers">
      <UniqueIdentifier>{93995380-89BD-4b04-88EB-625FBE52EBFB}</UniqueIdentifier>
      <Extensions>h;hpp;hxx;hm;inl;inc;xsd</Extensions>
    </Filter>
    <Filter Include="headers\protobufs">
      <UniqueIdentifier>{e4f50d29-2928-4c6e-b454-09f7c1d41685}</UniqueIdentifier>
    </Filter>
    <Filter Include="headers\ui">
      <UniqueIdentifier>{957f0045-9501-4099-ba1c-f5c8844a2648}</UniqueIdentifier>
    </Filter>
    <Filter Include="headers\items">
      <UniqueIdentifier>{13ec254b-52c7-4800-858e-e19883df257d}</UniqueIdentifier>
    </Filter>
    <Filter Include="source">
      <UniqueIdentifier>{4FC737F1-C7A5-4376-A066-2A32D752A2FF}</UniqueIdentifier>
      <Extensions>cpp;c;cc;cxx;def;odl;idl;hpj;bat;asm;asmx</Extensions>
    </Filter>
    <Filter Include="source\ui">
      <UniqueIdentifier>{22d41e19-ad81-4eb8-b7cc-97a77123162d}</UniqueIdentifier>
    </Filter>
    <Filter Include="source\items">
      <UniqueIdentifier>{ff6eaa6b-4c24-4bd2-8f93-e39a7ad71d7f}</UniqueIdentifier>
    </Filter>
    <Filter Include="source\protobufs">
      <UniqueIdentifier>{a628c3dd-565f-4484-b1de-6ecfd708f51d}</UniqueIdentifier>
    </Filter>
    <Filter Include="resources">
      <UniqueIdentifier>{02def50d-7781-44cb-b896-f3dae5776985}</UniqueIdentifier>
    </Filter>
  </ItemGroup>
  <ItemGroup>
    <ClCompile Include="protobuf\gcsdk_gcmessages.pb.cc">
      <Filter>source\protobufs</Filter>
    </ClCompile>
    <ClCompile Include="protobuf\base_gcmessages.pb.cc">
      <Filter>source\protobufs</Filter>
    </ClCompile>
    <ClCompile Include="protobuf\steammessages.pb.cc">
      <Filter>source\protobufs</Filter>
    </ClCompile>
    <ClCompile Include="item_manager.cpp">
      <Filter>source</Filter>
    </ClCompile>
    <ClCompile Include="serialized_buffer.cpp">
      <Filter>source</Filter>
    </ClCompile>
    <ClCompile Include="alert.cpp">
      <Filter>source\ui</Filter>
    </ClCompile>
    <ClCompile Include="button.cpp">
      <Filter>source\ui</Filter>
    </ClCompile>
    <ClCompile Include="draggable.cpp">
      <Filter>source\ui</Filter>
    </ClCompile>
    <ClCompile Include="notice.cpp">
      <Filter>source\ui</Filter>
    </ClCompile>
    <ClCompile Include="notification.cpp">
      <Filter>source\ui</Filter>
    </ClCompile>
    <ClCompile Include="notification_queue.cpp">
      <Filter>source\ui</Filter>
    </ClCompile>
    <ClCompile Include="popup.cpp">
      <Filter>source\ui</Filter>
    </ClCompile>
    <ClCompile Include="rounded_rectangle.cpp">
      <Filter>source\ui</Filter>
    </ClCompile>
    <ClCompile Include="protobuf\tf_gcmessages.pb.cc">
      <Filter>source\protobufs</Filter>
    </ClCompile>
    <ClCompile Include="inventory.cpp">
      <Filter>source\items</Filter>
    </ClCompile>
    <ClCompile Include="attribute.cpp">
      <Filter>source\items</Filter>
    </ClCompile>
    <ClCompile Include="popup_display.cpp">
      <Filter>source\ui</Filter>
    </ClCompile>
    <ClCompile Include="confirmation.cpp">
      <Filter>source\ui</Filter>
    </ClCompile>
    <ClCompile Include="main.cpp">
      <Filter>source</Filter>
    </ClCompile>
    <ClCompile Include="http_resource_loader.cpp">
      <Filter>source</Filter>
    </ClCompile>
    <ClCompile Include="rounded_rectangle_container.cpp">
      <Filter>source\ui</Filter>
    </ClCompile>
    <ClCompile Include="item_definition.cpp">
      <Filter>source\items</Filter>
    </ClCompile>
    <ClCompile Include="attribute_definition.cpp">
      <Filter>source\items</Filter>
    </ClCompile>
    <ClCompile Include="item_schema.cpp">
      <Filter>source\items</Filter>
    </ClCompile>
    <ClCompile Include="equip_status.cpp">
      <Filter>source\items</Filter>
    </ClCompile>
    <ClCompile Include="steam_inventory_manager.cpp">
      <Filter>source\items</Filter>
    </ClCompile>
    <ClCompile Include="item_set.cpp">
      <Filter>source\items</Filter>
    </ClCompile>
    <ClCompile Include="slot_book_view.cpp">
      <Filter>source\items</Filter>
    </ClCompile>
    <ClCompile Include="slot_stack_view.cpp">
      <Filter>source\ui</Filter>
    </ClCompile>
    <ClCompile Include="slot.cpp">
      <Filter>source\items</Filter>
    </ClCompile>
    <ClCompile Include="slot_array.cpp">
      <Filter>source\items</Filter>
    </ClCompile>
    <ClCompile Include="kill_eater_type.cpp">
      <Filter>source\items</Filter>
    </ClCompile>
    <ClCompile Include="kill_eater_level.cpp">
      <Filter>source\items</Filter>
    </ClCompile>
    <ClCompile Include="dynamic_slot_array.cpp">
      <Filter>source\items</Filter>
    </ClCompile>
    <ClCompile Include="definition_loader.cpp">
      <Filter>source\items</Filter>
    </ClCompile>
    <ClCompile Include="kill_eater_ranks.cpp">
      <Filter>source\items</Filter>
    </ClCompile>
    <ClCompile Include="updater.cpp">
      <Filter>source</Filter>
    </ClCompile>
    <ClCompile Include="dragged_slot_view.cpp">
      <Filter>source\ui</Filter>
    </ClCompile>
    <ClCompile Include="button_notice.cpp">
      <Filter>source\ui</Filter>
    </ClCompile>
    <ClCompile Include="item_decorator.cpp">
      <Filter>source\ui</Filter>
    </ClCompile>
    <ClCompile Include="item_display.cpp">
      <Filter>source\ui</Filter>
    </ClCompile>
    <ClCompile Include="item_manager_view.cpp">
      <Filter>source\ui</Filter>
    </ClCompile>
    <ClCompile Include="slot_grid_view.cpp">
      <Filter>source\ui</Filter>
    </ClCompile>
    <ClCompile Include="slot_view.cpp">
      <Filter>source\ui</Filter>
    </ClCompile>
    <ClCompile Include="steam.cpp">
      <Filter>source\items</Filter>
    </ClCompile>
    <ClCompile Include="button_manager.cpp">
      <Filter>headers\ui</Filter>
    </ClCompile>
    <ClCompile Include="item.cpp">
      <Filter>source\items</Filter>
    </ClCompile>
    <ClCompile Include="gc_protobuf_message.cpp">
      <Filter>source\items</Filter>
    </ClCompile>
  </ItemGroup>
  <ItemGroup>
    <ClInclude Include="protobuf\base_gcmessages.pb.h">
      <Filter>headers\protobufs</Filter>
    </ClInclude>
    <ClInclude Include="protobuf\steammessages.pb.h">
      <Filter>headers\protobufs</Filter>
    </ClInclude>
    <ClInclude Include="protobuf\gcsdk_gcmessages.pb.h">
      <Filter>headers\protobufs</Filter>
    </ClInclude>
    <ClInclude Include="item_manager.hpp">
      <Filter>headers</Filter>
    </ClInclude>
    <ClInclude Include="serialized_buffer.hpp">
      <Filter>headers</Filter>
    </ClInclude>
    <ClInclude Include="alert.hpp">
      <Filter>headers\ui</Filter>
    </ClInclude>
    <ClInclude Include="button.hpp">
      <Filter>headers\ui</Filter>
    </ClInclude>
    <ClInclude Include="draggable.hpp">
      <Filter>headers\ui</Filter>
    </ClInclude>
    <ClInclude Include="notice.hpp">
      <Filter>headers\ui</Filter>
    </ClInclude>
    <ClInclude Include="notification_queue.hpp">
      <Filter>headers\ui</Filter>
    </ClInclude>
    <ClInclude Include="notification.hpp">
      <Filter>headers\ui</Filter>
    </ClInclude>
    <ClInclude Include="popup.hpp">
      <Filter>headers\ui</Filter>
    </ClInclude>
    <ClInclude Include="rounded_rectangle.hpp">
      <Filter>headers\ui</Filter>
    </ClInclude>
    <ClInclude Include="protobuf\tf_gcmessages.pb.h">
      <Filter>headers\protobufs</Filter>
    </ClInclude>
    <ClInclude Include="inventory.hpp">
      <Filter>headers\items</Filter>
    </ClInclude>
    <ClInclude Include="item.hpp">
      <Filter>headers\items</Filter>
    </ClInclude>
    <ClInclude Include="item_shared.hpp">
      <Filter>headers\items</Filter>
    </ClInclude>
    <ClInclude Include="attribute.hpp">
      <Filter>headers\items</Filter>
    </ClInclude>
    <ClInclude Include="confirmation.hpp">
      <Filter>headers\ui</Filter>
    </ClInclude>
    <ClInclude Include="popup_display.hpp">
      <Filter>headers\ui</Filter>
    </ClInclude>
    <ClInclude Include="http_resource_loader.hpp">
      <Filter>headers</Filter>
    </ClInclude>
    <ClInclude Include="rounded_rectangle_container.hpp">
      <Filter>headers\ui</Filter>
    </ClInclude>
    <ClInclude Include="slot.hpp">
      <Filter>headers\items</Filter>
    </ClInclude>
    <ClInclude Include="resource_loader_interface.hpp">
      <Filter>headers</Filter>
    </ClInclude>
    <ClInclude Include="item_schema.hpp">
      <Filter>headers\items</Filter>
    </ClInclude>
    <ClInclude Include="attribute_definition.hpp">
      <Filter>headers\items</Filter>
    </ClInclude>
    <ClInclude Include="item_definition.hpp">
      <Filter>headers\items</Filter>
    </ClInclude>
    <ClInclude Include="equip_status.hpp">
      <Filter>headers\items</Filter>
    </ClInclude>
    <ClInclude Include="slot_array.hpp">
      <Filter>headers\items</Filter>
    </ClInclude>
    <ClInclude Include="slot_array_listener.hpp">
      <Filter>headers\items</Filter>
    </ClInclude>
    <ClInclude Include="button_manager.hpp">
      <Filter>headers\items</Filter>
    </ClInclude>
    <ClInclude Include="button_notice.hpp">
      <Filter>headers\ui</Filter>
    </ClInclude>
    <ClInclude Include="popup_listener.hpp">
      <Filter>headers\ui</Filter>
    </ClInclude>
    <ClInclude Include="steam_inventory_manager.hpp">
      <Filter>headers\items</Filter>
    </ClInclude>
    <ClInclude Include="steam_inventory_listener.hpp">
      <Filter>headers\items</Filter>
    </ClInclude>
    <ClInclude Include="item_set.hpp">
      <Filter>headers\items</Filter>
    </ClInclude>
    <ClInclude Include="inventory_listener.hpp">
      <Filter>headers\items</Filter>
    </ClInclude>
    <ClInclude Include="slot_array_interface.hpp">
      <Filter>headers\items</Filter>
    </ClInclude>
    <ClInclude Include="slot_book_view.hpp">
      <Filter>headers\items</Filter>
    </ClInclude>
    <ClInclude Include="slot_stack_view.hpp">
      <Filter>headers\items</Filter>
    </ClInclude>
    <ClInclude Include="inventory_action_interface.hpp">
      <Filter>headers\items</Filter>
    </ClInclude>
    <ClInclude Include="updater.hpp">
      <Filter>headers\items</Filter>
    </ClInclude>
    <ClInclude Include="button_listener.hpp">
      <Filter>headers\ui</Filter>
    </ClInclude>
    <ClInclude Include="dragged_slot_view.hpp">
      <Filter>headers\ui</Filter>
    </ClInclude>
    <ClInclude Include="item_decorator.hpp">
      <Filter>headers\ui</Filter>
    </ClInclude>
    <ClInclude Include="item_display.hpp">
      <Filter>headers\ui</Filter>
    </ClInclude>
    <ClInclude Include="item_manager_view.hpp">
      <Filter>headers\ui</Filter>
    </ClInclude>
    <ClInclude Include="item_manager_view_listener.hpp">
      <Filter>headers\ui</Filter>
    </ClInclude>
    <ClInclude Include="slot_view.hpp">
      <Filter>headers\ui</Filter>
    </ClInclude>
    <ClInclude Include="slot_grid_view.hpp">
      <Filter>headers\ui</Filter>
    </ClInclude>
    <ClInclude Include="slot_array_view_listener.hpp">
      <Filter>headers\ui</Filter>
    </ClInclude>
    <ClInclude Include="steam.hpp">
      <Filter>headers\items</Filter>
    </ClInclude>
    <ClInclude Include="dynamic_slot_array.hpp">
      <Filter>headers\items</Filter>
    </ClInclude>
    <ClInclude Include="kill_eater_level.hpp">
      <Filter>headers\items</Filter>
    </ClInclude>
    <ClInclude Include="kill_eater_ranks.hpp">
      <Filter>headers\items</Filter>
    </ClInclude>
    <ClInclude Include="kill_eater_type.hpp">
      <Filter>headers\items</Filter>
    </ClInclude>
    <ClInclude Include="definition_loader.hpp">
      <Filter>headers\items</Filter>
    </ClInclude>
    <ClInclude Include="resource.h">
      <Filter>headers</Filter>
    </ClInclude>
    <ClInclude Include="gc_protobuf_message.hpp">
      <Filter>headers\items</Filter>
    </ClInclude>
  </ItemGroup>
  <ItemGroup>
    <ResourceCompile Include="item_manager.rc" />
  </ItemGroup>
  <ItemGroup>
    <None Include="jim_icon.ico" />
  </ItemGroup>
</Project>