
Microsoft Visual Studio Solution File, Format Version 11.00
# Visual C++ Express 2010
Project("{8BC9CEB8-8B4A-11D0-8D11-00A0C91BC942}") = "Trading Interfaces", "Trading Interfaces.vcxproj", "{FF72BAB5-1754-43AF-B166-3BDDDA25BF8F}"
EndProject
Global
	GlobalSection(SolutionConfigurationPlatforms) = preSolution
		Debug|Win32 = Debug|Win32
		Release|Win32 = Release|Win32
	EndGlobalSection
	GlobalSection(ProjectConfigurationPlatforms) = postSolution
		{FF72BAB5-1754-43AF-B166-3BDDDA25BF8F}.Debug|Win32.ActiveCfg = Debug|Win32
		{FF72BAB5-1754-43AF-B166-3BDDDA25BF8F}.Debug|Win32.Build.0 = Debug|Win32
		{FF72BAB5-1754-43AF-B166-3BDDDA25BF8F}.Release|Win32.ActiveCfg = Release|Win32
		{FF72BAB5-1754-43AF-B166-3BDDDA25BF8F}.Release|Win32.Build.0 = Release|Win32
	EndGlobalSection
	GlobalSection(SolutionProperties) = preSolution
		HideSolutionNode = FALSE
	EndGlobalSection
EndGlobal
